// !$*UTF8*$!
{
	archiveVersion = 1;
	classes = {
	};
	objectVersion = 70;
	objects = {

/* Begin PBXBuildFile section */
		20E77A023950BA381C8CABC6 /* SceneDelegate.swift in Sources */ = {isa = PBXBuildFile; fileRef = B6E82E1F07AA023A69BD3BE8 /* SceneDelegate.swift */; };
		44AF2280FFC3FB3C9A753B57 /* Logging in Frameworks */ = {isa = PBXBuildFile; productRef = 27F4058A94D83CC07B88A82D /* Logging */; };
		4FDD4688497C8160AF88F471 /* Pods_GithubCopilotLearning.framework in Frameworks */ = {isa = PBXBuildFile; fileRef = FEF5518AEAE3EA8F3A8E3065 /* Pods_GithubCopilotLearning.framework */; };
		54100B9687DF3A291F1EB62B /* GithubCopilotLearningApp.swift in Sources */ = {isa = PBXBuildFile; fileRef = 932BDD366FD2F09698F17CA8 /* GithubCopilotLearningApp.swift */; };
		AE9A5AD7B37A3DCD65CB2995 /* AppDelegate.swift in Sources */ = {isa = PBXBuildFile; fileRef = 8D120CA3131936D5F0FF7CE7 /* AppDelegate.swift */; };
		D0588D60432195EFB8DCC052 /* Alamofire in Frameworks */ = {isa = PBXBuildFile; productRef = 2F20B74B7954B054783F2208 /* Alamofire */; };
		DF99A5C92E48A5DF2D99AEAF /* NetworkEngine in Frameworks */ = {isa = PBXBuildFile; productRef = D250974042DF823780244EB0 /* NetworkEngine */; };
/* End PBXBuildFile section */

/* Begin PBXContainerItemProxy section */
		C90D8D3E9E104DE4064237A0 /* PBXContainerItemProxy */ = {
			isa = PBXContainerItemProxy;
			containerPortal = 69BE95AE86B7402A33987725 /* Project object */;
			proxyType = 1;
			remoteGlobalIDString = B374EB17A19B70105282141D;
			remoteInfo = GithubCopilotLearning;
		};
		D1770C6C2810F417AA7ABD3E /* PBXContainerItemProxy */ = {
			isa = PBXContainerItemProxy;
			containerPortal = 69BE95AE86B7402A33987725 /* Project object */;
			proxyType = 1;
			remoteGlobalIDString = B374EB17A19B70105282141D;
			remoteInfo = GithubCopilotLearning;
		};
/* End PBXContainerItemProxy section */

/* Begin PBXFileReference section */
		0D12CCFA7005FE8FA51BD1F1 /* Pods-GithubCopilotLearning.staging release.xcconfig */ = {isa = PBXFileReference; includeInIndex = 1; lastKnownFileType = text.xcconfig; name = "Pods-GithubCopilotLearning.staging release.xcconfig"; path = "Target Support Files/Pods-GithubCopilotLearning/Pods-GithubCopilotLearning.staging release.xcconfig"; sourceTree = "<group>"; };
		11071CF47676E364F47875CC /* Pods-GithubCopilotLearning.staging debug.xcconfig */ = {isa = PBXFileReference; includeInIndex = 1; lastKnownFileType = text.xcconfig; name = "Pods-GithubCopilotLearning.staging debug.xcconfig"; path = "Target Support Files/Pods-GithubCopilotLearning/Pods-GithubCopilotLearning.staging debug.xcconfig"; sourceTree = "<group>"; };
		28B19781B91089BEB92BAC7F /* GithubCopilotLearning.app */ = {isa = PBXFileReference; explicitFileType = wrapper.application; includeInIndex = 0; path = GithubCopilotLearning.app; sourceTree = BUILT_PRODUCTS_DIR; };
		8D120CA3131936D5F0FF7CE7 /* AppDelegate.swift */ = {isa = PBXFileReference; lastKnownFileType = sourcecode.swift; path = AppDelegate.swift; sourceTree = "<group>"; };
		932BDD366FD2F09698F17CA8 /* GithubCopilotLearningApp.swift */ = {isa = PBXFileReference; lastKnownFileType = sourcecode.swift; path = GithubCopilotLearningApp.swift; sourceTree = "<group>"; };
		A5D78F63097659BD5C748146 /* GithubCopilotLearningUITests.xctest */ = {isa = PBXFileReference; includeInIndex = 0; lastKnownFileType = wrapper.cfbundle; path = GithubCopilotLearningUITests.xctest; sourceTree = BUILT_PRODUCTS_DIR; };
		B6E82E1F07AA023A69BD3BE8 /* SceneDelegate.swift */ = {isa = PBXFileReference; lastKnownFileType = sourcecode.swift; path = SceneDelegate.swift; sourceTree = "<group>"; };
		C3E34D8ADFF70446B8F3DEEA /* Pods-GithubCopilotLearning.uat debug.xcconfig */ = {isa = PBXFileReference; includeInIndex = 1; lastKnownFileType = text.xcconfig; name = "Pods-GithubCopilotLearning.uat debug.xcconfig"; path = "Target Support Files/Pods-GithubCopilotLearning/Pods-GithubCopilotLearning.uat debug.xcconfig"; sourceTree = "<group>"; };
		CF52A1679C04AB1DE8157B36 /* Pods-GithubCopilotLearning.uat release.xcconfig */ = {isa = PBXFileReference; includeInIndex = 1; lastKnownFileType = text.xcconfig; name = "Pods-GithubCopilotLearning.uat release.xcconfig"; path = "Target Support Files/Pods-GithubCopilotLearning/Pods-GithubCopilotLearning.uat release.xcconfig"; sourceTree = "<group>"; };
		E0D01F7DF05AD61AB6D15FF0 /* GithubCopilotLearningTests.xctest */ = {isa = PBXFileReference; includeInIndex = 0; lastKnownFileType = wrapper.cfbundle; path = GithubCopilotLearningTests.xctest; sourceTree = BUILT_PRODUCTS_DIR; };
		FEF5518AEAE3EA8F3A8E3065 /* Pods_GithubCopilotLearning.framework */ = {isa = PBXFileReference; explicitFileType = wrapper.framework; includeInIndex = 0; path = Pods_GithubCopilotLearning.framework; sourceTree = BUILT_PRODUCTS_DIR; };
/* End PBXFileReference section */

/* Begin PBXFileSystemSynchronizedRootGroup section */
		7D9D0AE12F755499000CD7B8 /* Constants */ = {isa = PBXFileSystemSynchronizedRootGroup; explicitFileTypes = {}; explicitFolders = (); path = Constants; sourceTree = "<group>"; };
		7D9D0AF42F7554A1000CD7B8 /* Extensions */ = {isa = PBXFileSystemSynchronizedRootGroup; explicitFileTypes = {}; explicitFolders = (); path = Extensions; sourceTree = "<group>"; };
		7DF245272F83BB8F00A5D0B5 /* Helpers */ = {isa = PBXFileSystemSynchronizedRootGroup; explicitFileTypes = {}; explicitFolders = (); path = Helpers; sourceTree = "<group>"; };
		7DF245422F83BB9400A5D0B5 /* Logger */ = {isa = PBXFileSystemSynchronizedRootGroup; explicitFileTypes = {}; explicitFolders = (); path = Logger; sourceTree = "<group>"; };
		7DF2454E2F83BB9700A5D0B5 /* Models */ = {isa = PBXFileSystemSynchronizedRootGroup; explicitFileTypes = {}; explicitFolders = (); path = Models; sourceTree = "<group>"; };
		7DF245592F83BB9B00A5D0B5 /* Modifier */ = {isa = PBXFileSystemSynchronizedRootGroup; explicitFileTypes = {}; explicitFolders = (); path = Modifier; sourceTree = "<group>"; };
		7DF245602F83BB9E00A5D0B5 /* Plist */ = {isa = PBXFileSystemSynchronizedRootGroup; explicitFileTypes = {}; explicitFolders = (); path = Plist; sourceTree = "<group>"; };
		7DF2456B2F83BBA200A5D0B5 /* NetworkLayer */ = {isa = PBXFileSystemSynchronizedRootGroup; explicitFileTypes = {}; explicitFolders = (); path = NetworkLayer; sourceTree = "<group>"; };
		7DF245732F83BBA400A5D0B5 /* Preview Content */ = {isa = PBXFileSystemSynchronizedRootGroup; explicitFileTypes = {}; explicitFolders = (); path = "Preview Content"; sourceTree = "<group>"; };
		7DF2457F2F83BBA800A5D0B5 /* Reusables */ = {isa = PBXFileSystemSynchronizedRootGroup; explicitFileTypes = {}; explicitFolders = (); path = Reusables; sourceTree = "<group>"; };
		7DF2458F2F83BBAB00A5D0B5 /* Resources */ = {isa = PBXFileSystemSynchronizedRootGroup; explicitFileTypes = {}; explicitFolders = (); path = Resources; sourceTree = "<group>"; };
		7DF2459C2F83BBAE00A5D0B5 /* Routers */ = {isa = PBXFileSystemSynchronizedRootGroup; explicitFileTypes = {}; explicitFolders = (); path = Routers; sourceTree = "<group>"; };
		7DF245B42F83BBB000A5D0B5 /* Scenes */ = {isa = PBXFileSystemSynchronizedRootGroup; explicitFileTypes = {}; explicitFolders = (); path = Scenes; sourceTree = "<group>"; };
		7DF245BD2F83BBB500A5D0B5 /* GithubCopilotLearningTests */ = {isa = PBXFileSystemSynchronizedRootGroup; explicitFileTypes = {}; explicitFolders = (); path = GithubCopilotLearningTests; sourceTree = "<group>"; };
		7DF245C12F83BBB800A5D0B5 /* GithubCopilotLearningUITests */ = {isa = PBXFileSystemSynchronizedRootGroup; explicitFileTypes = {}; explicitFolders = (); path = GithubCopilotLearningUITests; sourceTree = "<group>"; };
/* End PBXFileSystemSynchronizedRootGroup section */

/* Begin PBXFrameworksBuildPhase section */
		D105284FE48844539F2594A5 /* Frameworks */ = {
			isa = PBXFrameworksBuildPhase;
			buildActionMask = 2147483647;
			files = (
				DF99A5C92E48A5DF2D99AEAF /* NetworkEngine in Frameworks */,
				44AF2280FFC3FB3C9A753B57 /* Logging in Frameworks */,
				D0588D60432195EFB8DCC052 /* Alamofire in Frameworks */,
				4FDD4688497C8160AF88F471 /* Pods_GithubCopilotLearning.framework in Frameworks */,
			);
			runOnlyForDeploymentPostprocessing = 0;
		};
/* End PBXFrameworksBuildPhase section */

/* Begin PBXGroup section */
		30FA46554F95774BCBC802DC = {
			isa = PBXGroup;
			children = (
				F723F9505EDF2CF2A64905ED /* GithubCopilotLearning */,
				7DF245BD2F83BBB500A5D0B5 /* GithubCopilotLearningTests */,
				7DF245C12F83BBB800A5D0B5 /* GithubCopilotLearningUITests */,
				7D1B30F709D22432AFF29E91 /* Products */,
				B52BE3626201C137B65AEFE5 /* Pods */,
				AA6870846335ABC6B6B47CD1 /* Frameworks */,
			);
			sourceTree = "<group>";
		};
		7D1B30F709D22432AFF29E91 /* Products */ = {
			isa = PBXGroup;
			children = (
				28B19781B91089BEB92BAC7F /* GithubCopilotLearning.app */,
				E0D01F7DF05AD61AB6D15FF0 /* GithubCopilotLearningTests.xctest */,
				A5D78F63097659BD5C748146 /* GithubCopilotLearningUITests.xctest */,
			);
			name = Products;
			sourceTree = "<group>";
		};
		AA6870846335ABC6B6B47CD1 /* Frameworks */ = {
			isa = PBXGroup;
			children = (
				FEF5518AEAE3EA8F3A8E3065 /* Pods_GithubCopilotLearning.framework */,
			);
			name = Frameworks;
			sourceTree = "<group>";
		};
		B52BE3626201C137B65AEFE5 /* Pods */ = {
			isa = PBXGroup;
			children = (
				11071CF47676E364F47875CC /* Pods-GithubCopilotLearning.staging debug.xcconfig */,
				0D12CCFA7005FE8FA51BD1F1 /* Pods-GithubCopilotLearning.staging release.xcconfig */,
				C3E34D8ADFF70446B8F3DEEA /* Pods-GithubCopilotLearning.uat debug.xcconfig */,
				CF52A1679C04AB1DE8157B36 /* Pods-GithubCopilotLearning.uat release.xcconfig */,
			);
			path = Pods;
			sourceTree = "<group>";
		};
		F723F9505EDF2CF2A64905ED /* GithubCopilotLearning */ = {
			isa = PBXGroup;
			children = (
				8D120CA3131936D5F0FF7CE7 /* AppDelegate.swift */,
				B6E82E1F07AA023A69BD3BE8 /* SceneDelegate.swift */,
				932BDD366FD2F09698F17CA8 /* GithubCopilotLearningApp.swift */,
				7D9D0AE12F755499000CD7B8 /* Constants */,
				7D9D0AF42F7554A1000CD7B8 /* Extensions */,
				7DF245272F83BB8F00A5D0B5 /* Helpers */,
				7DF245422F83BB9400A5D0B5 /* Logger */,
				7DF2454E2F83BB9700A5D0B5 /* Models */,
				7DF245592F83BB9B00A5D0B5 /* Modifier */,
				7DF2456B2F83BBA200A5D0B5 /* NetworkLayer */,
				7DF245602F83BB9E00A5D0B5 /* Plist */,
				7DF245732F83BBA400A5D0B5 /* Preview Content */,
				7DF2458F2F83BBAB00A5D0B5 /* Resources */,
				7DF2457F2F83BBA800A5D0B5 /* Reusables */,
				7DF2459C2F83BBAE00A5D0B5 /* Routers */,
				7DF245B42F83BBB000A5D0B5 /* Scenes */,
			);
			path = GithubCopilotLearning;
			sourceTree = "<group>";
		};
/* End PBXGroup section */

/* Begin PBXNativeTarget section */
		88D2C5D41A0ECC40B6319583 /* GithubCopilotLearningTests */ = {
			isa = PBXNativeTarget;
			buildConfigurationList = 95A86862C84FA2DCCECD3613 /* Build configuration list for PBXNativeTarget "GithubCopilotLearningTests" */;
			buildPhases = (
				D86780B8CD82E4972353C874 /* Sources */,
			);
			buildRules = (
			);
			dependencies = (
				E908F3B297857E2D210C8565 /* PBXTargetDependency */,
			);
			fileSystemSynchronizedGroups = (
				7DF245BD2F83BBB500A5D0B5 /* GithubCopilotLearningTests */,
			);
			name = GithubCopilotLearningTests;
			productName = GithubCopilotLearningTests;
			productReference = E0D01F7DF05AD61AB6D15FF0 /* GithubCopilotLearningTests.xctest */;
			productType = "com.apple.product-type.bundle.unit-test";
		};
		A73CA16973A946D0F0D3CB71 /* GithubCopilotLearningUITests */ = {
			isa = PBXNativeTarget;
			buildConfigurationList = 7511AB81AE0E964046606239 /* Build configuration list for PBXNativeTarget "GithubCopilotLearningUITests" */;
			buildPhases = (
				B126B7811BAD4F0E06DA982D /* Sources */,
			);
			buildRules = (
			);
			dependencies = (
				6C0BF18102C713C1AF3E3B20 /* PBXTargetDependency */,
			);
			fileSystemSynchronizedGroups = (
				7DF245C12F83BBB800A5D0B5 /* GithubCopilotLearningUITests */,
			);
			name = GithubCopilotLearningUITests;
			productName = GithubCopilotLearningUITests;
			productReference = A5D78F63097659BD5C748146 /* GithubCopilotLearningUITests.xctest */;
			productType = "com.apple.product-type.bundle.ui-testing";
		};
		B374EB17A19B70105282141D /* GithubCopilotLearning */ = {
			isa = PBXNativeTarget;
			buildConfigurationList = 667FCB6BA057BA66F707870C /* Build configuration list for PBXNativeTarget "GithubCopilotLearning" */;
			buildPhases = (
				C7EBF28271EE8DA5BB093FE3 /* [CP] Check Pods Manifest.lock */,
				5D28D2D857B8A9D3BCC1E36E /* R.swift */,
				28EF312F1AC03129F42881D7 /* Swiftlint */,
				440F391EE1F6C759015E1C82 /* Sources */,
				BE12CF1F7DE6D9961B3A0955 /* Resources */,
				D105284FE48844539F2594A5 /* Frameworks */,
				0DAED0CC5CFBB0A400B293F6 /* [CP] Embed Pods Frameworks */,
			);
			buildRules = (
			);
			dependencies = (
			);
			fileSystemSynchronizedGroups = (
				7D9D0AE12F755499000CD7B8 /* Constants */,
				7D9D0AF42F7554A1000CD7B8 /* Extensions */,
				7DF245272F83BB8F00A5D0B5 /* Helpers */,
				7DF245422F83BB9400A5D0B5 /* Logger */,
				7DF2454E2F83BB9700A5D0B5 /* Models */,
				7DF245592F83BB9B00A5D0B5 /* Modifier */,
				7DF245602F83BB9E00A5D0B5 /* Plist */,
				7DF2456B2F83BBA200A5D0B5 /* NetworkLayer */,
				7DF245732F83BBA400A5D0B5 /* Preview Content */,
				7DF2457F2F83BBA800A5D0B5 /* Reusables */,
				7DF2458F2F83BBAB00A5D0B5 /* Resources */,
				7DF2459C2F83BBAE00A5D0B5 /* Routers */,
				7DF245B42F83BBB000A5D0B5 /* Scenes */,
			);
			name = GithubCopilotLearning;
			packageProductDependencies = (
				D250974042DF823780244EB0 /* NetworkEngine */,
				27F4058A94D83CC07B88A82D /* Logging */,
				2F20B74B7954B054783F2208 /* Alamofire */,
			);
			productName = GithubCopilotLearning;
			productReference = 28B19781B91089BEB92BAC7F /* GithubCopilotLearning.app */;
			productType = "com.apple.product-type.application";
		};
/* End PBXNativeTarget section */

/* Begin PBXProject section */
		69BE95AE86B7402A33987725 /* Project object */ = {
			isa = PBXProject;
			attributes = {
				BuildIndependentTargetsInParallel = YES;
				LastUpgradeCheck = 1430;
				LastUpgradeVersion = 1500;
				TargetAttributes = {
					A73CA16973A946D0F0D3CB71 = {
						TestTargetID = B374EB17A19B70105282141D;
					};
				};
			};
			buildConfigurationList = DB604D32683E24D8942D4DF0 /* Build configuration list for PBXProject "GithubCopilotLearning" */;
			compatibilityVersion = "Xcode 14.0";
			developmentRegion = en;
			hasScannedForEncodings = 0;
			knownRegions = (
				Base,
				en,
			);
			mainGroup = 30FA46554F95774BCBC802DC;
			minimizedProjectReferenceProxies = 1;
			packageReferences = (
				FFF9A084F69417F888FE3FBC /* XCRemoteSwiftPackageReference "Alamofire" */,
				36367826BAF553B1AF5DA042 /* XCRemoteSwiftPackageReference "swift-log" */,
				D271365075E06B603B038B5E /* XCRemoteSwiftPackageReference "NetworkEngineXC" */,
			);
			productRefGroup = 7D1B30F709D22432AFF29E91 /* Products */;
			projectDirPath = "";
			projectRoot = "";
			targets = (
				B374EB17A19B70105282141D /* GithubCopilotLearning */,
				88D2C5D41A0ECC40B6319583 /* GithubCopilotLearningTests */,
				A73CA16973A946D0F0D3CB71 /* GithubCopilotLearningUITests */,
			);
		};
/* End PBXProject section */

/* Begin PBXResourcesBuildPhase section */
		BE12CF1F7DE6D9961B3A0955 /* Resources */ = {
			isa = PBXResourcesBuildPhase;
			buildActionMask = 2147483647;
			files = (
			);
			runOnlyForDeploymentPostprocessing = 0;
		};
/* End PBXResourcesBuildPhase section */

/* Begin PBXShellScriptBuildPhase section */
		0DAED0CC5CFBB0A400B293F6 /* [CP] Embed Pods Frameworks */ = {
			isa = PBXShellScriptBuildPhase;
			buildActionMask = 2147483647;
			files = (
			);
			inputFileListPaths = (
				"${PODS_ROOT}/Target Support Files/Pods-GithubCopilotLearning/Pods-GithubCopilotLearning-frameworks-${CONFIGURATION}-input-files.xcfilelist",
			);
			inputPaths = (
			);
			name = "[CP] Embed Pods Frameworks";
			outputFileListPaths = (
				"${PODS_ROOT}/Target Support Files/Pods-GithubCopilotLearning/Pods-GithubCopilotLearning-frameworks-${CONFIGURATION}-output-files.xcfilelist",
			);
			outputPaths = (
			);
			runOnlyForDeploymentPostprocessing = 0;
			shellPath = /bin/sh;
			shellScript = "\"${PODS_ROOT}/Target Support Files/Pods-GithubCopilotLearning/Pods-GithubCopilotLearning-frameworks.sh\"\n";
			showEnvVarsInLog = 0;
		};
		28EF312F1AC03129F42881D7 /* Swiftlint */ = {
			isa = PBXShellScriptBuildPhase;
			alwaysOutOfDate = 1;
			buildActionMask = 2147483647;
			files = (
			);
			inputFileListPaths = (
			);
			inputPaths = (
			);
			name = Swiftlint;
			outputFileListPaths = (
			);
			outputPaths = (
			);
			runOnlyForDeploymentPostprocessing = 0;
			shellPath = /bin/sh;
			shellScript = "\"${PODS_ROOT}/SwiftLint/swiftlint\"\n";
		};
		5D28D2D857B8A9D3BCC1E36E /* R.swift */ = {
			isa = PBXShellScriptBuildPhase;
			alwaysOutOfDate = 1;
			buildActionMask = 2147483647;
			files = (
			);
			inputFileListPaths = (
			);
			inputPaths = (
			);
			name = R.swift;
			outputFileListPaths = (
			);
			outputPaths = (
				$SRCROOT/GithubCopilotLearning/Resources/R.generated.swift,
			);
			runOnlyForDeploymentPostprocessing = 0;
			shellPath = /bin/sh;
			shellScript = "\"$PODS_ROOT/R.swift/rswift\" generate \"$SRCROOT/GithubCopilotLearning/Resources/R.generated.swift\"\n";
		};
		C7EBF28271EE8DA5BB093FE3 /* [CP] Check Pods Manifest.lock */ = {
			isa = PBXShellScriptBuildPhase;
			buildActionMask = 2147483647;
			files = (
			);
			inputFileListPaths = (
			);
			inputPaths = (
				"${PODS_PODFILE_DIR_PATH}/Podfile.lock",
				"${PODS_ROOT}/Manifest.lock",
			);
			name = "[CP] Check Pods Manifest.lock";
			outputFileListPaths = (
			);
			outputPaths = (
				"$(DERIVED_FILE_DIR)/Pods-GithubCopilotLearning-checkManifestLockResult.txt",
			);
			runOnlyForDeploymentPostprocessing = 0;
			shellPath = /bin/sh;
			shellScript = "diff \"${PODS_PODFILE_DIR_PATH}/Podfile.lock\" \"${PODS_ROOT}/Manifest.lock\" > /dev/null\nif [ $? != 0 ] ; then\n    # print error to STDERR\n    echo \"error: The sandbox is not in sync with the Podfile.lock. Run 'pod install' or update your CocoaPods installation.\" >&2\n    exit 1\nfi\n# This output is used by Xcode 'outputs' to avoid re-running this script phase.\necho \"SUCCESS\" > \"${SCRIPT_OUTPUT_FILE_0}\"\n";
			showEnvVarsInLog = 0;
		};
/* End PBXShellScriptBuildPhase section */

/* Begin PBXSourcesBuildPhase section */
		440F391EE1F6C759015E1C82 /* Sources */ = {
			isa = PBXSourcesBuildPhase;
			buildActionMask = 2147483647;
			files = (
				AE9A5AD7B37A3DCD65CB2995 /* AppDelegate.swift in Sources */,
				20E77A023950BA381C8CABC6 /* SceneDelegate.swift in Sources */,
				54100B9687DF3A291F1EB62B /* GithubCopilotLearningApp.swift in Sources */,
			);
			runOnlyForDeploymentPostprocessing = 0;
		};
		B126B7811BAD4F0E06DA982D /* Sources */ = {
			isa = PBXSourcesBuildPhase;
			buildActionMask = 2147483647;
			files = (
			);
			runOnlyForDeploymentPostprocessing = 0;
		};
		D86780B8CD82E4972353C874 /* Sources */ = {
			isa = PBXSourcesBuildPhase;
			buildActionMask = 2147483647;
			files = (
			);
			runOnlyForDeploymentPostprocessing = 0;
		};
/* End PBXSourcesBuildPhase section */

/* Begin PBXTargetDependency section */
		6C0BF18102C713C1AF3E3B20 /* PBXTargetDependency */ = {
			isa = PBXTargetDependency;
			target = B374EB17A19B70105282141D /* GithubCopilotLearning */;
			targetProxy = D1770C6C2810F417AA7ABD3E /* PBXContainerItemProxy */;
		};
		E908F3B297857E2D210C8565 /* PBXTargetDependency */ = {
			isa = PBXTargetDependency;
			target = B374EB17A19B70105282141D /* GithubCopilotLearning */;
			targetProxy = C90D8D3E9E104DE4064237A0 /* PBXContainerItemProxy */;
		};
/* End PBXTargetDependency section */

/* Begin XCBuildConfiguration section */
		05245F7BAC8BC97A436F570D /* UAT release */ = {
			isa = XCBuildConfiguration;
			baseConfigurationReference = CF52A1679C04AB1DE8157B36 /* Pods-GithubCopilotLearning.uat release.xcconfig */;
			buildSettings = {
				ASSETCATALOG_COMPILER_APPICON_NAME = AppIcon;
				CODE_SIGN_IDENTITY = "iPhone Developer";
				DEVELOPMENT_TEAM = K7XJG666ZW;
				INFOPLIST_FILE = GithubCopilotLearning/Plist/Info.plist;
				IPHONEOS_DEPLOYMENT_TARGET = 18.0;
				LD_RUNPATH_SEARCH_PATHS = (
					"$(inherited)",
					"@executable_path/Frameworks",
				);
				PRODUCT_BUNDLE_IDENTIFIER = com.simform.GithubCopilotLearning;
				SDKROOT = iphoneos;
				TARGETED_DEVICE_FAMILY = "1,2";
			};
			name = "UAT release";
		};
		0C7C35BAFA42F9158B45B5D3 /* UAT release */ = {
			isa = XCBuildConfiguration;
			buildSettings = {
				BUNDLE_LOADER = "$(TEST_HOST)";
				INFOPLIST_FILE = /Users/rishita/Desktop/GithubCopilotLearning/UITests.plist;
				IPHONEOS_DEPLOYMENT_TARGET = 18.0;
				LD_RUNPATH_SEARCH_PATHS = (
					"$(inherited)",
					"@executable_path/Frameworks",
					"@loader_path/Frameworks",
				);
				PRODUCT_BUNDLE_IDENTIFIER = com.simform.GithubCopilotLearning.uitests;
				SDKROOT = iphoneos;
				TARGETED_DEVICE_FAMILY = "1,2";
				TEST_TARGET_NAME = GithubCopilotLearning;
			};
			name = "UAT release";
		};
		13BB1166E542618F29870AD0 /* UAT debug */ = {
			isa = XCBuildConfiguration;
			baseConfigurationReference = C3E34D8ADFF70446B8F3DEEA /* Pods-GithubCopilotLearning.uat debug.xcconfig */;
			buildSettings = {
				ASSETCATALOG_COMPILER_APPICON_NAME = AppIcon;
				CODE_SIGN_IDENTITY = "iPhone Developer";
				DEVELOPMENT_TEAM = K7XJG666ZW;
				INFOPLIST_FILE = GithubCopilotLearning/Plist/Info.plist;
				IPHONEOS_DEPLOYMENT_TARGET = 18.0;
				LD_RUNPATH_SEARCH_PATHS = (
					"$(inherited)",
					"@executable_path/Frameworks",
				);
				PRODUCT_BUNDLE_IDENTIFIER = com.simform.GithubCopilotLearning;
				SDKROOT = iphoneos;
				TARGETED_DEVICE_FAMILY = "1,2";
			};
			name = "UAT debug";
		};
		164CE3F36E73CFD2F77004B0 /* Staging debug */ = {
			isa = XCBuildConfiguration;
			buildSettings = {
				BUNDLE_LOADER = "$(TEST_HOST)";
				INFOPLIST_FILE = /Users/rishita/Desktop/GithubCopilotLearning/Tests.plist;
				IPHONEOS_DEPLOYMENT_TARGET = 18.0;
				LD_RUNPATH_SEARCH_PATHS = (
					"$(inherited)",
					"@executable_path/Frameworks",
					"@loader_path/Frameworks",
				);
				PRODUCT_BUNDLE_IDENTIFIER = com.simform.GithubCopilotLearning.test;
				SDKROOT = iphoneos;
				TARGETED_DEVICE_FAMILY = "1,2";
				TEST_HOST = "$(BUILT_PRODUCTS_DIR)/GithubCopilotLearning.app/GithubCopilotLearning";
			};
			name = "Staging debug";
		};
		20AEAB8833B3970F41E51D8A /* UAT debug */ = {
			isa = XCBuildConfiguration;
			buildSettings = {
				BUNDLE_LOADER = "$(TEST_HOST)";
				INFOPLIST_FILE = /Users/rishita/Desktop/GithubCopilotLearning/UITests.plist;
				IPHONEOS_DEPLOYMENT_TARGET = 18.0;
				LD_RUNPATH_SEARCH_PATHS = (
					"$(inherited)",
					"@executable_path/Frameworks",
					"@loader_path/Frameworks",
				);
				PRODUCT_BUNDLE_IDENTIFIER = com.simform.GithubCopilotLearning.uitests;
				SDKROOT = iphoneos;
				TARGETED_DEVICE_FAMILY = "1,2";
				TEST_TARGET_NAME = GithubCopilotLearning;
			};
			name = "UAT debug";
		};
		3F034EB8F7885DF2341AB5BA /* Staging release */ = {
			isa = XCBuildConfiguration;
			baseConfigurationReference = 0D12CCFA7005FE8FA51BD1F1 /* Pods-GithubCopilotLearning.staging release.xcconfig */;
			buildSettings = {
				ASSETCATALOG_COMPILER_APPICON_NAME = AppIcon;
				CODE_SIGN_IDENTITY = "iPhone Developer";
				DEVELOPMENT_TEAM = K7XJG666ZW;
				INFOPLIST_FILE = GithubCopilotLearning/Plist/Info.plist;
				IPHONEOS_DEPLOYMENT_TARGET = 18.0;
				LD_RUNPATH_SEARCH_PATHS = (
					"$(inherited)",
					"@executable_path/Frameworks",
				);
				PRODUCT_BUNDLE_IDENTIFIER = com.simform.GithubCopilotLearning;
				SDKROOT = iphoneos;
				TARGETED_DEVICE_FAMILY = "1,2";
			};
			name = "Staging release";
		};
		65D4C4A4525EA9735118A90F /* UAT release */ = {
			isa = XCBuildConfiguration;
			buildSettings = {
				BUNDLE_LOADER = "$(TEST_HOST)";
				INFOPLIST_FILE = /Users/rishita/Desktop/GithubCopilotLearning/Tests.plist;
				IPHONEOS_DEPLOYMENT_TARGET = 18.0;
				LD_RUNPATH_SEARCH_PATHS = (
					"$(inherited)",
					"@executable_path/Frameworks",
					"@loader_path/Frameworks",
				);
				PRODUCT_BUNDLE_IDENTIFIER = com.simform.GithubCopilotLearning.test;
				SDKROOT = iphoneos;
				TARGETED_DEVICE_FAMILY = "1,2";
				TEST_HOST = "$(BUILT_PRODUCTS_DIR)/GithubCopilotLearning.app/GithubCopilotLearning";
			};
			name = "UAT release";
		};
		9EE8D7FA95D849DAD9518328 /* Staging debug */ = {
			isa = XCBuildConfiguration;
			buildSettings = {
				BUNDLE_LOADER = "$(TEST_HOST)";
				INFOPLIST_FILE = /Users/rishita/Desktop/GithubCopilotLearning/UITests.plist;
				IPHONEOS_DEPLOYMENT_TARGET = 18.0;
				LD_RUNPATH_SEARCH_PATHS = (
					"$(inherited)",
					"@executable_path/Frameworks",
					"@loader_path/Frameworks",
				);
				PRODUCT_BUNDLE_IDENTIFIER = com.simform.GithubCopilotLearning.uitests;
				SDKROOT = iphoneos;
				TARGETED_DEVICE_FAMILY = "1,2";
				TEST_TARGET_NAME = GithubCopilotLearning;
			};
			name = "Staging debug";
		};
		9F96B952439A494677F468E8 /* Staging debug */ = {
			isa = XCBuildConfiguration;
			baseConfigurationReference = 11071CF47676E364F47875CC /* Pods-GithubCopilotLearning.staging debug.xcconfig */;
			buildSettings = {
				ASSETCATALOG_COMPILER_APPICON_NAME = AppIcon;
				CODE_SIGN_IDENTITY = "iPhone Developer";
				DEVELOPMENT_TEAM = K7XJG666ZW;
				INFOPLIST_FILE = GithubCopilotLearning/Plist/Info.plist;
				IPHONEOS_DEPLOYMENT_TARGET = 18.0;
				LD_RUNPATH_SEARCH_PATHS = (
					"$(inherited)",
					"@executable_path/Frameworks",
				);
				PRODUCT_BUNDLE_IDENTIFIER = com.simform.GithubCopilotLearning;
				SDKROOT = iphoneos;
				TARGETED_DEVICE_FAMILY = "1,2";
			};
			name = "Staging debug";
		};
		A2D7FA438716A3F001B9CE84 /* Staging release */ = {
			isa = XCBuildConfiguration;
			buildSettings = {
				BUNDLE_LOADER = "$(TEST_HOST)";
				INFOPLIST_FILE = /Users/rishita/Desktop/GithubCopilotLearning/UITests.plist;
				IPHONEOS_DEPLOYMENT_TARGET = 18.0;
				LD_RUNPATH_SEARCH_PATHS = (
					"$(inherited)",
					"@executable_path/Frameworks",
					"@loader_path/Frameworks",
				);
				PRODUCT_BUNDLE_IDENTIFIER = com.simform.GithubCopilotLearning.uitests;
				SDKROOT = iphoneos;
				TARGETED_DEVICE_FAMILY = "1,2";
				TEST_TARGET_NAME = GithubCopilotLearning;
			};
			name = "Staging release";
		};
		C7ACC7E2510E3011E4226141 /* Staging debug */ = {
			isa = XCBuildConfiguration;
			buildSettings = {
				ALWAYS_SEARCH_USER_PATHS = NO;
				CLANG_ANALYZER_NONNULL = YES;
				CLANG_ANALYZER_NUMBER_OBJECT_CONVERSION = YES_AGGRESSIVE;
				CLANG_CXX_LANGUAGE_STANDARD = "gnu++14";
				CLANG_CXX_LIBRARY = "libc++";
				CLANG_ENABLE_MODULES = YES;
				CLANG_ENABLE_OBJC_ARC = YES;
				CLANG_ENABLE_OBJC_WEAK = YES;
				CLANG_WARN_BLOCK_CAPTURE_AUTORELEASING = YES;
				CLANG_WARN_BOOL_CONVERSION = YES;
				CLANG_WARN_COMMA = YES;
				CLANG_WARN_CONSTANT_CONVERSION = YES;
				CLANG_WARN_DEPRECATED_OBJC_IMPLEMENTATIONS = YES;
				CLANG_WARN_DIRECT_OBJC_ISA_USAGE = YES_ERROR;
				CLANG_WARN_DOCUMENTATION_COMMENTS = YES;
				CLANG_WARN_EMPTY_BODY = YES;
				CLANG_WARN_ENUM_CONVERSION = YES;
				CLANG_WARN_INFINITE_RECURSION = YES;
				CLANG_WARN_INT_CONVERSION = YES;
				CLANG_WARN_NON_LITERAL_NULL_CONVERSION = YES;
				CLANG_WARN_OBJC_IMPLICIT_RETAIN_SELF = YES;
				CLANG_WARN_OBJC_LITERAL_CONVERSION = YES;
				CLANG_WARN_OBJC_ROOT_CLASS = YES_ERROR;
				CLANG_WARN_QUOTED_INCLUDE_IN_FRAMEWORK_HEADER = YES;
				CLANG_WARN_RANGE_LOOP_ANALYSIS = YES;
				CLANG_WARN_STRICT_PROTOTYPES = YES;
				CLANG_WARN_SUSPICIOUS_MOVE = YES;
				CLANG_WARN_UNGUARDED_AVAILABILITY = YES_AGGRESSIVE;
				CLANG_WARN_UNREACHABLE_CODE = YES;
				CLANG_WARN__DUPLICATE_METHOD_MATCH = YES;
				COPY_PHASE_STRIP = NO;
				CURRENT_PROJECT_VERSION = 1;
				DEBUG_INFORMATION_FORMAT = dwarf;
				ENABLE_STRICT_OBJC_MSGSEND = YES;
				ENABLE_TESTABILITY = YES;
				GCC_C_LANGUAGE_STANDARD = gnu11;
				GCC_DYNAMIC_NO_PIC = NO;
				GCC_NO_COMMON_BLOCKS = YES;
				GCC_OPTIMIZATION_LEVEL = 0;
				GCC_PREPROCESSOR_DEFINITIONS = (
					"$(inherited)",
					"DEBUG=1",
				);
				GCC_WARN_64_TO_32_BIT_CONVERSION = YES;
				GCC_WARN_ABOUT_RETURN_TYPE = YES_ERROR;
				GCC_WARN_UNDECLARED_SELECTOR = YES;
				GCC_WARN_UNINITIALIZED_AUTOS = YES_AGGRESSIVE;
				GCC_WARN_UNUSED_FUNCTION = YES;
				GCC_WARN_UNUSED_VARIABLE = YES;
				INFOPLIST_KEY_CFBundleDisplayName = GithubCopilotLearning;
				IPHONEOS_DEPLOYMENT_TARGET = 18.0;
				MARKETING_VERSION = 1.0;
				MTL_ENABLE_DEBUG_INFO = INCLUDE_SOURCE;
				MTL_FAST_MATH = YES;
				ONLY_ACTIVE_ARCH = YES;
				OTHER_SWIFT_FLAGS = "$(inherited) -D Staging -D ACCELERATE_NEW_LAPACK -D ACCELERATE_LAPACK_ILP64";
				PRODUCT_BUNDLE_IDENTIFIER = com.simform.GithubCopilotLearning;
				PRODUCT_NAME = "$(TARGET_NAME)";
				SDKROOT = iphoneos;
				SWIFT_ACTIVE_COMPILATION_CONDITIONS = DEBUG;
				SWIFT_OPTIMIZATION_LEVEL = "-Onone";
				SWIFT_VERSION = 5.0;
			};
			name = "Staging debug";
		};
		C84C3EE018DB605707811533 /* UAT debug */ = {
			isa = XCBuildConfiguration;
			buildSettings = {
				ALWAYS_SEARCH_USER_PATHS = NO;
				CLANG_ANALYZER_NONNULL = YES;
				CLANG_ANALYZER_NUMBER_OBJECT_CONVERSION = YES_AGGRESSIVE;
				CLANG_CXX_LANGUAGE_STANDARD = "gnu++14";
				CLANG_CXX_LIBRARY = "libc++";
				CLANG_ENABLE_MODULES = YES;
				CLANG_ENABLE_OBJC_ARC = YES;
				CLANG_ENABLE_OBJC_WEAK = YES;
				CLANG_WARN_BLOCK_CAPTURE_AUTORELEASING = YES;
				CLANG_WARN_BOOL_CONVERSION = YES;
				CLANG_WARN_COMMA = YES;
				CLANG_WARN_CONSTANT_CONVERSION = YES;
				CLANG_WARN_DEPRECATED_OBJC_IMPLEMENTATIONS = YES;
				CLANG_WARN_DIRECT_OBJC_ISA_USAGE = YES_ERROR;
				CLANG_WARN_DOCUMENTATION_COMMENTS = YES;
				CLANG_WARN_EMPTY_BODY = YES;
				CLANG_WARN_ENUM_CONVERSION = YES;
				CLANG_WARN_INFINITE_RECURSION = YES;
				CLANG_WARN_INT_CONVERSION = YES;
				CLANG_WARN_NON_LITERAL_NULL_CONVERSION = YES;
				CLANG_WARN_OBJC_IMPLICIT_RETAIN_SELF = YES;
				CLANG_WARN_OBJC_LITERAL_CONVERSION = YES;
				CLANG_WARN_OBJC_ROOT_CLASS = YES_ERROR;
				CLANG_WARN_QUOTED_INCLUDE_IN_FRAMEWORK_HEADER = YES;
				CLANG_WARN_RANGE_LOOP_ANALYSIS = YES;
				CLANG_WARN_STRICT_PROTOTYPES = YES;
				CLANG_WARN_SUSPICIOUS_MOVE = YES;
				CLANG_WARN_UNGUARDED_AVAILABILITY = YES_AGGRESSIVE;
				CLANG_WARN_UNREACHABLE_CODE = YES;
				CLANG_WARN__DUPLICATE_METHOD_MATCH = YES;
				COPY_PHASE_STRIP = NO;
				CURRENT_PROJECT_VERSION = 1;
				DEBUG_INFORMATION_FORMAT = dwarf;
				ENABLE_STRICT_OBJC_MSGSEND = YES;
				ENABLE_TESTABILITY = YES;
				GCC_C_LANGUAGE_STANDARD = gnu11;
				GCC_DYNAMIC_NO_PIC = NO;
				GCC_NO_COMMON_BLOCKS = YES;
				GCC_OPTIMIZATION_LEVEL = 0;
				GCC_PREPROCESSOR_DEFINITIONS = (
					"$(inherited)",
					"DEBUG=1",
				);
				GCC_WARN_64_TO_32_BIT_CONVERSION = YES;
				GCC_WARN_ABOUT_RETURN_TYPE = YES_ERROR;
				GCC_WARN_UNDECLARED_SELECTOR = YES;
				GCC_WARN_UNINITIALIZED_AUTOS = YES_AGGRESSIVE;
				GCC_WARN_UNUSED_FUNCTION = YES;
				GCC_WARN_UNUSED_VARIABLE = YES;
				INFOPLIST_KEY_CFBundleDisplayName = GithubCopilotLearning;
				IPHONEOS_DEPLOYMENT_TARGET = 18.0;
				MARKETING_VERSION = 1.0;
				MTL_ENABLE_DEBUG_INFO = INCLUDE_SOURCE;
				MTL_FAST_MATH = YES;
				ONLY_ACTIVE_ARCH = YES;
				OTHER_SWIFT_FLAGS = "$(inherited) -D UAT -D ACCELERATE_NEW_LAPACK -D ACCELERATE_LAPACK_ILP64";
				PRODUCT_BUNDLE_IDENTIFIER = com.simform.GithubCopilotLearning;
				PRODUCT_NAME = "$(TARGET_NAME)";
				SDKROOT = iphoneos;
				SWIFT_ACTIVE_COMPILATION_CONDITIONS = DEBUG;
				SWIFT_OPTIMIZATION_LEVEL = "-Onone";
				SWIFT_VERSION = 5.0;
			};
			name = "UAT debug";
		};
		D2C63AC38A7C235185B8A5BC /* Staging release */ = {
			isa = XCBuildConfiguration;
			buildSettings = {
				ALWAYS_SEARCH_USER_PATHS = NO;
				CLANG_ANALYZER_NONNULL = YES;
				CLANG_ANALYZER_NUMBER_OBJECT_CONVERSION = YES_AGGRESSIVE;
				CLANG_CXX_LANGUAGE_STANDARD = "gnu++14";
				CLANG_CXX_LIBRARY = "libc++";
				CLANG_ENABLE_MODULES = YES;
				CLANG_ENABLE_OBJC_ARC = YES;
				CLANG_ENABLE_OBJC_WEAK = YES;
				CLANG_WARN_BLOCK_CAPTURE_AUTORELEASING = YES;
				CLANG_WARN_BOOL_CONVERSION = YES;
				CLANG_WARN_COMMA = YES;
				CLANG_WARN_CONSTANT_CONVERSION = YES;
				CLANG_WARN_DEPRECATED_OBJC_IMPLEMENTATIONS = YES;
				CLANG_WARN_DIRECT_OBJC_ISA_USAGE = YES_ERROR;
				CLANG_WARN_DOCUMENTATION_COMMENTS = YES;
				CLANG_WARN_EMPTY_BODY = YES;
				CLANG_WARN_ENUM_CONVERSION = YES;
				CLANG_WARN_INFINITE_RECURSION = YES;
				CLANG_WARN_INT_CONVERSION = YES;
				CLANG_WARN_NON_LITERAL_NULL_CONVERSION = YES;
				CLANG_WARN_OBJC_IMPLICIT_RETAIN_SELF = YES;
				CLANG_WARN_OBJC_LITERAL_CONVERSION = YES;
				CLANG_WARN_OBJC_ROOT_CLASS = YES_ERROR;
				CLANG_WARN_QUOTED_INCLUDE_IN_FRAMEWORK_HEADER = YES;
				CLANG_WARN_RANGE_LOOP_ANALYSIS = YES;
				CLANG_WARN_STRICT_PROTOTYPES = YES;
				CLANG_WARN_SUSPICIOUS_MOVE = YES;
				CLANG_WARN_UNGUARDED_AVAILABILITY = YES_AGGRESSIVE;
				CLANG_WARN_UNREACHABLE_CODE = YES;
				CLANG_WARN__DUPLICATE_METHOD_MATCH = YES;
				COPY_PHASE_STRIP = NO;
				CURRENT_PROJECT_VERSION = 1;
				DEBUG_INFORMATION_FORMAT = "dwarf-with-dsym";
				ENABLE_NS_ASSERTIONS = NO;
				ENABLE_STRICT_OBJC_MSGSEND = YES;
				GCC_C_LANGUAGE_STANDARD = gnu11;
				GCC_NO_COMMON_BLOCKS = YES;
				GCC_WARN_64_TO_32_BIT_CONVERSION = YES;
				GCC_WARN_ABOUT_RETURN_TYPE = YES_ERROR;
				GCC_WARN_UNDECLARED_SELECTOR = YES;
				GCC_WARN_UNINITIALIZED_AUTOS = YES_AGGRESSIVE;
				GCC_WARN_UNUSED_FUNCTION = YES;
				GCC_WARN_UNUSED_VARIABLE = YES;
				INFOPLIST_KEY_CFBundleDisplayName = GithubCopilotLearning;
				IPHONEOS_DEPLOYMENT_TARGET = 18.0;
				MARKETING_VERSION = 1.0;
				MTL_ENABLE_DEBUG_INFO = NO;
				MTL_FAST_MATH = YES;
				OTHER_SWIFT_FLAGS = "$(inherited) -D Staging -D ACCELERATE_NEW_LAPACK -D ACCELERATE_LAPACK_ILP64";
				PRODUCT_BUNDLE_IDENTIFIER = com.simform.GithubCopilotLearning;
				PRODUCT_NAME = "$(TARGET_NAME)";
				SDKROOT = iphoneos;
				SWIFT_COMPILATION_MODE = wholemodule;
				SWIFT_OPTIMIZATION_LEVEL = "-O";
				SWIFT_VERSION = 5.0;
			};
			name = "Staging release";
		};
		D56F59DB71CE1F4919DFD690 /* Staging release */ = {
			isa = XCBuildConfiguration;
			buildSettings = {
				BUNDLE_LOADER = "$(TEST_HOST)";
				INFOPLIST_FILE = /Users/rishita/Desktop/GithubCopilotLearning/Tests.plist;
				IPHONEOS_DEPLOYMENT_TARGET = 18.0;
				LD_RUNPATH_SEARCH_PATHS = (
					"$(inherited)",
					"@executable_path/Frameworks",
					"@loader_path/Frameworks",
				);
				PRODUCT_BUNDLE_IDENTIFIER = com.simform.GithubCopilotLearning.test;
				SDKROOT = iphoneos;
				TARGETED_DEVICE_FAMILY = "1,2";
				TEST_HOST = "$(BUILT_PRODUCTS_DIR)/GithubCopilotLearning.app/GithubCopilotLearning";
			};
			name = "Staging release";
		};
		DA9CE7BC0B600E6EDA33AC91 /* UAT debug */ = {
			isa = XCBuildConfiguration;
			buildSettings = {
				BUNDLE_LOADER = "$(TEST_HOST)";
				INFOPLIST_FILE = /Users/rishita/Desktop/GithubCopilotLearning/Tests.plist;
				IPHONEOS_DEPLOYMENT_TARGET = 18.0;
				LD_RUNPATH_SEARCH_PATHS = (
					"$(inherited)",
					"@executable_path/Frameworks",
					"@loader_path/Frameworks",
				);
				PRODUCT_BUNDLE_IDENTIFIER = com.simform.GithubCopilotLearning.test;
				SDKROOT = iphoneos;
				TARGETED_DEVICE_FAMILY = "1,2";
				TEST_HOST = "$(BUILT_PRODUCTS_DIR)/GithubCopilotLearning.app/GithubCopilotLearning";
			};
			name = "UAT debug";
		};
		FC670A135A826E0FCE9B8A71 /* UAT release */ = {
			isa = XCBuildConfiguration;
			buildSettings = {
				ALWAYS_SEARCH_USER_PATHS = NO;
				CLANG_ANALYZER_NONNULL = YES;
				CLANG_ANALYZER_NUMBER_OBJECT_CONVERSION = YES_AGGRESSIVE;
				CLANG_CXX_LANGUAGE_STANDARD = "gnu++14";
				CLANG_CXX_LIBRARY = "libc++";
				CLANG_ENABLE_MODULES = YES;
				CLANG_ENABLE_OBJC_ARC = YES;
				CLANG_ENABLE_OBJC_WEAK = YES;
				CLANG_WARN_BLOCK_CAPTURE_AUTORELEASING = YES;
				CLANG_WARN_BOOL_CONVERSION = YES;
				CLANG_WARN_COMMA = YES;
				CLANG_WARN_CONSTANT_CONVERSION = YES;
				CLANG_WARN_DEPRECATED_OBJC_IMPLEMENTATIONS = YES;
				CLANG_WARN_DIRECT_OBJC_ISA_USAGE = YES_ERROR;
				CLANG_WARN_DOCUMENTATION_COMMENTS = YES;
				CLANG_WARN_EMPTY_BODY = YES;
				CLANG_WARN_ENUM_CONVERSION = YES;
				CLANG_WARN_INFINITE_RECURSION = YES;
				CLANG_WARN_INT_CONVERSION = YES;
				CLANG_WARN_NON_LITERAL_NULL_CONVERSION = YES;
				CLANG_WARN_OBJC_IMPLICIT_RETAIN_SELF = YES;
				CLANG_WARN_OBJC_LITERAL_CONVERSION = YES;
				CLANG_WARN_OBJC_ROOT_CLASS = YES_ERROR;
				CLANG_WARN_QUOTED_INCLUDE_IN_FRAMEWORK_HEADER = YES;
				CLANG_WARN_RANGE_LOOP_ANALYSIS = YES;
				CLANG_WARN_STRICT_PROTOTYPES = YES;
				CLANG_WARN_SUSPICIOUS_MOVE = YES;
				CLANG_WARN_UNGUARDED_AVAILABILITY = YES_AGGRESSIVE;
				CLANG_WARN_UNREACHABLE_CODE = YES;
				CLANG_WARN__DUPLICATE_METHOD_MATCH = YES;
				COPY_PHASE_STRIP = NO;
				CURRENT_PROJECT_VERSION = 1;
				DEBUG_INFORMATION_FORMAT = "dwarf-with-dsym";
				ENABLE_NS_ASSERTIONS = NO;
				ENABLE_STRICT_OBJC_MSGSEND = YES;
				GCC_C_LANGUAGE_STANDARD = gnu11;
				GCC_NO_COMMON_BLOCKS = YES;
				GCC_WARN_64_TO_32_BIT_CONVERSION = YES;
				GCC_WARN_ABOUT_RETURN_TYPE = YES_ERROR;
				GCC_WARN_UNDECLARED_SELECTOR = YES;
				GCC_WARN_UNINITIALIZED_AUTOS = YES_AGGRESSIVE;
				GCC_WARN_UNUSED_FUNCTION = YES;
				GCC_WARN_UNUSED_VARIABLE = YES;
				INFOPLIST_KEY_CFBundleDisplayName = GithubCopilotLearning;
				IPHONEOS_DEPLOYMENT_TARGET = 18.0;
				MARKETING_VERSION = 1.0;
				MTL_ENABLE_DEBUG_INFO = NO;
				MTL_FAST_MATH = YES;
				OTHER_SWIFT_FLAGS = "$(inherited) -D UAT -D ACCELERATE_NEW_LAPACK -D ACCELERATE_LAPACK_ILP64";
				PRODUCT_BUNDLE_IDENTIFIER = com.simform.GithubCopilotLearning;
				PRODUCT_NAME = "$(TARGET_NAME)";
				SDKROOT = iphoneos;
				SWIFT_COMPILATION_MODE = wholemodule;
				SWIFT_OPTIMIZATION_LEVEL = "-O";
				SWIFT_VERSION = 5.0;
			};
			name = "UAT release";
		};
/* End XCBuildConfiguration section */

/* Begin XCConfigurationList section */
		667FCB6BA057BA66F707870C /* Build configuration list for PBXNativeTarget "GithubCopilotLearning" */ = {
			isa = XCConfigurationList;
			buildConfigurations = (
				9F96B952439A494677F468E8 /* Staging debug */,
				3F034EB8F7885DF2341AB5BA /* Staging release */,
				13BB1166E542618F29870AD0 /* UAT debug */,
				05245F7BAC8BC97A436F570D /* UAT release */,
			);
			defaultConfigurationIsVisible = 0;
			defaultConfigurationName = "Staging debug";
		};
		7511AB81AE0E964046606239 /* Build configuration list for PBXNativeTarget "GithubCopilotLearningUITests" */ = {
			isa = XCConfigurationList;
			buildConfigurations = (
				9EE8D7FA95D849DAD9518328 /* Staging debug */,
				A2D7FA438716A3F001B9CE84 /* Staging release */,
				20AEAB8833B3970F41E51D8A /* UAT debug */,
				0C7C35BAFA42F9158B45B5D3 /* UAT release */,
			);
			defaultConfigurationIsVisible = 0;
			defaultConfigurationName = "Staging debug";
		};
		95A86862C84FA2DCCECD3613 /* Build configuration list for PBXNativeTarget "GithubCopilotLearningTests" */ = {
			isa = XCConfigurationList;
			buildConfigurations = (
				164CE3F36E73CFD2F77004B0 /* Staging debug */,
				D56F59DB71CE1F4919DFD690 /* Staging release */,
				DA9CE7BC0B600E6EDA33AC91 /* UAT debug */,
				65D4C4A4525EA9735118A90F /* UAT release */,
			);
			defaultConfigurationIsVisible = 0;
			defaultConfigurationName = "Staging debug";
		};
		DB604D32683E24D8942D4DF0 /* Build configuration list for PBXProject "GithubCopilotLearning" */ = {
			isa = XCConfigurationList;
			buildConfigurations = (
				C7ACC7E2510E3011E4226141 /* Staging debug */,
				D2C63AC38A7C235185B8A5BC /* Staging release */,
				C84C3EE018DB605707811533 /* UAT debug */,
				FC670A135A826E0FCE9B8A71 /* UAT release */,
			);
			defaultConfigurationIsVisible = 0;
			defaultConfigurationName = "Staging debug";
		};
/* End XCConfigurationList section */

/* Begin XCRemoteSwiftPackageReference section */
		36367826BAF553B1AF5DA042 /* XCRemoteSwiftPackageReference "swift-log" */ = {
			isa = XCRemoteSwiftPackageReference;
			repositoryURL = "https://github.com/apple/swift-log.git";
			requirement = {
				kind = upToNextMajorVersion;
				minimumVersion = 1.0.0;
			};
		};
		D271365075E06B603B038B5E /* XCRemoteSwiftPackageReference "NetworkEngineXC" */ = {
			isa = XCRemoteSwiftPackageReference;
			repositoryURL = "https://github.com/mobile-simformsolutions/NetworkEngineXC.git";
			requirement = {
				kind = exactVersion;
				version = 2.0.1;
			};
		};
		FFF9A084F69417F888FE3FBC /* XCRemoteSwiftPackageReference "Alamofire" */ = {
			isa = XCRemoteSwiftPackageReference;
			repositoryURL = "https://github.com/Alamofire/Alamofire.git";
			requirement = {
				kind = exactVersion;
				version = 5.9.1;
			};
		};
/* End XCRemoteSwiftPackageReference section */

/* Begin XCSwiftPackageProductDependency section */
		27F4058A94D83CC07B88A82D /* Logging */ = {
			isa = XCSwiftPackageProductDependency;
			package = 36367826BAF553B1AF5DA042 /* XCRemoteSwiftPackageReference "swift-log" */;
			productName = Logging;
		};
		2F20B74B7954B054783F2208 /* Alamofire */ = {
			isa = XCSwiftPackageProductDependency;
			package = FFF9A084F69417F888FE3FBC /* XCRemoteSwiftPackageReference "Alamofire" */;
			productName = Alamofire;
		};
		D250974042DF823780244EB0 /* NetworkEngine */ = {
			isa = XCSwiftPackageProductDependency;
			package = D271365075E06B603B038B5E /* XCRemoteSwiftPackageReference "NetworkEngineXC" */;
			productName = NetworkEngine;
		};
/* End XCSwiftPackageProductDependency section */
	};
	rootObject = 69BE95AE86B7402A33987725 /* Project object */;
}
